// !$*UTF8*$!
{
	archiveVersion = 1;
	classes = {
	};
	objectVersion = 46;
	objects = {

/* Begin PBXBuildFile section */
		F44DC7921CB066C400602809 /* main.cpp in Sources */ = {isa = PBXBuildFile; fileRef = F44DC7911CB066C400602809 /* main.cpp */; };
		F44DC79D1CB1BDE600602809 /* libopencv_core.3.1.0.dylib in Frameworks */ = {isa = PBXBuildFile; fileRef = F44DC79C1CB1BDE600602809 /* libopencv_core.3.1.0.dylib */; };
		F44DC79F1CB1BE3500602809 /* libopencv_highgui.3.1.0.dylib in Frameworks */ = {isa = PBXBuildFile; fileRef = F44DC79E1CB1BE3500602809 /* libopencv_highgui.3.1.0.dylib */; };
		F44DC7A11CB1BE6500602809 /* libopencv_imgproc.3.1.0.dylib in Frameworks */ = {isa = PBXBuildFile; fileRef = F44DC7A01CB1BE6500602809 /* libopencv_imgproc.3.1.0.dylib */; };
		F46C07F71CB992F800F82FA5 /* libopencv_objdetect.3.1.0.dylib in Frameworks */ = {isa = PBXBuildFile; fileRef = F46C07F61CB992F800F82FA5 /* libopencv_objdetect.3.1.0.dylib */; };
		F46C07F91CB9948F00F82FA5 /* libopencv_calib3d.3.1.0.dylib in Frameworks */ = {isa = PBXBuildFile; fileRef = F46C07F81CB9948F00F82FA5 /* libopencv_calib3d.3.1.0.dylib */; };
		F46C07FB1CB994AB00F82FA5 /* libopencv_flann.3.1.0.dylib in Frameworks */ = {isa = PBXBuildFile; fileRef = F46C07FA1CB994AB00F82FA5 /* libopencv_flann.3.1.0.dylib */; };
		F46C07FF1CBA250700F82FA5 /* StarVision.h in Sources */ = {isa = PBXBuildFile; fileRef = F46C07FE1CBA250700F82FA5 /* StarVision.h */; };
		F46C08011CBA259700F82FA5 /* StarVision.cpp in Sources */ = {isa = PBXBuildFile; fileRef = F46C08001CBA259700F82FA5 /* StarVision.cpp */; };
		F46C08041CBA2D3F00F82FA5 /* Config.cpp in Sources */ = {isa = PBXBuildFile; fileRef = F46C08021CBA2D3F00F82FA5 /* Config.cpp */; };
		F46C08071CBB1F5900F82FA5 /* CombinationsGenerator.cpp in Sources */ = {isa = PBXBuildFile; fileRef = F46C08051CBB1F5900F82FA5 /* CombinationsGenerator.cpp */; };
		F46C080A1CBB628100F82FA5 /* ServiceProvider.cpp in Sources */ = {isa = PBXBuildFile; fileRef = F46C08081CBB628100F82FA5 /* ServiceProvider.cpp */; };
		F492AFCC1CB326C30034E4B6 /* ExtractionMethod.cpp in Sources */ = {isa = PBXBuildFile; fileRef = F492AFCA1CB326C30034E4B6 /* ExtractionMethod.cpp */; };
		F4EEB3D21CB1CEA100B1D142 /* libopencv_videoio.3.1.0.dylib in Frameworks */ = {isa = PBXBuildFile; fileRef = F4EEB3D11CB1CEA100B1D142 /* libopencv_videoio.3.1.0.dylib */; };
		F4EEB3D41CB1FE7200B1D142 /* libopencv_imgcodecs.3.1.0.dylib in Frameworks */ = {isa = PBXBuildFile; fileRef = F4EEB3D31CB1FE7200B1D142 /* libopencv_imgcodecs.3.1.0.dylib */; };
		F4EEB3D81CB234DA00B1D142 /* libopencv_features2d.3.1.0.dylib in Frameworks */ = {isa = PBXBuildFile; fileRef = F4EEB3D71CB234DA00B1D142 /* libopencv_features2d.3.1.0.dylib */; };
		F4EEB3DB1CB2B04B00B1D142 /* StarTriad.cpp in Sources */ = {isa = PBXBuildFile; fileRef = F4EEB3D91CB2B04B00B1D142 /* StarTriad.cpp */; };
/* End PBXBuildFile section */

/* Begin PBXCopyFilesBuildPhase section */
		F44DC78C1CB066C400602809 /* CopyFiles */ = {
			isa = PBXCopyFilesBuildPhase;
			buildActionMask = 2147483647;
			dstPath = /usr/share/man/man1/;
			dstSubfolderSpec = 0;
			files = (
			);
			runOnlyForDeploymentPostprocessing = 1;
		};
/* End PBXCopyFilesBuildPhase section */

/* Begin PBXFileReference section */
		F44DC78E1CB066C400602809 /* startracker */ = {isa = PBXFileReference; explicitFileType = "compiled.mach-o.executable"; includeInIndex = 0; path = startracker; sourceTree = BUILT_PRODUCTS_DIR; };
		F44DC7911CB066C400602809 /* main.cpp */ = {isa = PBXFileReference; lastKnownFileType = sourcecode.cpp.cpp; path = main.cpp; sourceTree = "<group>"; };
		F44DC79C1CB1BDE600602809 /* libopencv_core.3.1.0.dylib */ = {isa = PBXFileReference; lastKnownFileType = "compiled.mach-o.dylib"; name = libopencv_core.3.1.0.dylib; path = ../Libraries/opencv31/build/lib/libopencv_core.3.1.0.dylib; sourceTree = "<group>"; };
		F44DC79E1CB1BE3500602809 /* libopencv_highgui.3.1.0.dylib */ = {isa = PBXFileReference; lastKnownFileType = "compiled.mach-o.dylib"; name = libopencv_highgui.3.1.0.dylib; path = ../Libraries/opencv31/build/lib/libopencv_highgui.3.1.0.dylib; sourceTree = "<group>"; };
		F44DC7A01CB1BE6500602809 /* libopencv_imgproc.3.1.0.dylib */ = {isa = PBXFileReference; lastKnownFileType = "compiled.mach-o.dylib"; name = libopencv_imgproc.3.1.0.dylib; path = ../Libraries/opencv31/build/lib/libopencv_imgproc.3.1.0.dylib; sourceTree = "<group>"; };
		F46C07F61CB992F800F82FA5 /* libopencv_objdetect.3.1.0.dylib */ = {isa = PBXFileReference; lastKnownFileType = "compiled.mach-o.dylib"; name = libopencv_objdetect.3.1.0.dylib; path = ../Libraries/opencv31/build/lib/libopencv_objdetect.3.1.0.dylib; sourceTree = "<group>"; };
		F46C07F81CB9948F00F82FA5 /* libopencv_calib3d.3.1.0.dylib */ = {isa = PBXFileReference; lastKnownFileType = "compiled.mach-o.dylib"; name = libopencv_calib3d.3.1.0.dylib; path = ../Libraries/opencv31/build/lib/libopencv_calib3d.3.1.0.dylib; sourceTree = "<group>"; };
		F46C07FA1CB994AB00F82FA5 /* libopencv_flann.3.1.0.dylib */ = {isa = PBXFileReference; lastKnownFileType = "compiled.mach-o.dylib"; name = libopencv_flann.3.1.0.dylib; path = ../Libraries/opencv31/build/lib/libopencv_flann.3.1.0.dylib; sourceTree = "<group>"; };
		F46C07FD1CBA247600F82FA5 /* header.h */ = {isa = PBXFileReference; lastKnownFileType = sourcecode.c.h; path = header.h; sourceTree = "<group>"; };
		F46C07FE1CBA250700F82FA5 /* StarVision.h */ = {isa = PBXFileReference; fileEncoding = 4; lastKnownFileType = sourcecode.c.h; path = StarVision.h; sourceTree = "<group>"; };
		F46C08001CBA259700F82FA5 /* StarVision.cpp */ = {isa = PBXFileReference; fileEncoding = 4; lastKnownFileType = sourcecode.cpp.cpp; path = StarVision.cpp; sourceTree = "<group>"; };
		F46C08021CBA2D3F00F82FA5 /* Config.cpp */ = {isa = PBXFileReference; fileEncoding = 4; lastKnownFileType = sourcecode.cpp.cpp; path = Config.cpp; sourceTree = "<group>"; };
		F46C08031CBA2D3F00F82FA5 /* Config.hpp */ = {isa = PBXFileReference; fileEncoding = 4; lastKnownFileType = sourcecode.cpp.h; path = Config.hpp; sourceTree = "<group>"; };
		F46C08051CBB1F5900F82FA5 /* CombinationsGenerator.cpp */ = {isa = PBXFileReference; fileEncoding = 4; lastKnownFileType = sourcecode.cpp.cpp; path = CombinationsGenerator.cpp; sourceTree = "<group>"; };
		F46C08061CBB1F5900F82FA5 /* CombinationsGenerator.hpp */ = {isa = PBXFileReference; fileEncoding = 4; lastKnownFileType = sourcecode.cpp.h; path = CombinationsGenerator.hpp; sourceTree = "<group>"; };
		F46C08081CBB628100F82FA5 /* ServiceProvider.cpp */ = {isa = PBXFileReference; fileEncoding = 4; lastKnownFileType = sourcecode.cpp.cpp; path = ServiceProvider.cpp; sourceTree = "<group>"; };
		F46C08091CBB628100F82FA5 /* ServiceProvider.hpp */ = {isa = PBXFileReference; fileEncoding = 4; lastKnownFileType = sourcecode.cpp.h; path = ServiceProvider.hpp; sourceTree = "<group>"; };
		F492AFCA1CB326C30034E4B6 /* ExtractionMethod.cpp */ = {isa = PBXFileReference; fileEncoding = 4; lastKnownFileType = sourcecode.cpp.cpp; path = ExtractionMethod.cpp; sourceTree = "<group>"; };
		F492AFCB1CB326C30034E4B6 /* ExtractionMethod.hpp */ = {isa = PBXFileReference; fileEncoding = 4; lastKnownFileType = sourcecode.cpp.h; path = ExtractionMethod.hpp; sourceTree = "<group>"; };
		F4EEB3D11CB1CEA100B1D142 /* libopencv_videoio.3.1.0.dylib */ = {isa = PBXFileReference; lastKnownFileType = "compiled.mach-o.dylib"; name = libopencv_videoio.3.1.0.dylib; path = ../Libraries/opencv31/build/lib/libopencv_videoio.3.1.0.dylib; sourceTree = "<group>"; };
		F4EEB3D31CB1FE7200B1D142 /* libopencv_imgcodecs.3.1.0.dylib */ = {isa = PBXFileReference; lastKnownFileType = "compiled.mach-o.dylib"; name = libopencv_imgcodecs.3.1.0.dylib; path = ../Libraries/opencv31/build/lib/libopencv_imgcodecs.3.1.0.dylib; sourceTree = "<group>"; };
		F4EEB3D71CB234DA00B1D142 /* libopencv_features2d.3.1.0.dylib */ = {isa = PBXFileReference; lastKnownFileType = "compiled.mach-o.dylib"; name = libopencv_features2d.3.1.0.dylib; path = ../Libraries/opencv31/build/lib/libopencv_features2d.3.1.0.dylib; sourceTree = "<group>"; };
		F4EEB3D91CB2B04B00B1D142 /* StarTriad.cpp */ = {isa = PBXFileReference; fileEncoding = 4; lastKnownFileType = sourcecode.cpp.cpp; path = StarTriad.cpp; sourceTree = "<group>"; };
/* End PBXFileReference section */

/* Begin PBXFrameworksBuildPhase section */
		F44DC78B1CB066C400602809 /* Frameworks */ = {
			isa = PBXFrameworksBuildPhase;
			buildActionMask = 2147483647;
			files = (
				F46C07F91CB9948F00F82FA5 /* libopencv_calib3d.3.1.0.dylib in Frameworks */,
				F46C07FB1CB994AB00F82FA5 /* libopencv_flann.3.1.0.dylib in Frameworks */,
				F4EEB3D81CB234DA00B1D142 /* libopencv_features2d.3.1.0.dylib in Frameworks */,
				F44DC79D1CB1BDE600602809 /* libopencv_core.3.1.0.dylib in Frameworks */,
				F4EEB3D21CB1CEA100B1D142 /* libopencv_videoio.3.1.0.dylib in Frameworks */,
				F44DC79F1CB1BE3500602809 /* libopencv_highgui.3.1.0.dylib in Frameworks */,
				F4EEB3D41CB1FE7200B1D142 /* libopencv_imgcodecs.3.1.0.dylib in Frameworks */,
				F46C07F71CB992F800F82FA5 /* libopencv_objdetect.3.1.0.dylib in Frameworks */,
				F44DC7A11CB1BE6500602809 /* libopencv_imgproc.3.1.0.dylib in Frameworks */,
			);
			runOnlyForDeploymentPostprocessing = 0;
		};
/* End PBXFrameworksBuildPhase section */

/* Begin PBXGroup section */
		F44DC7851CB066C400602809 = {
			isa = PBXGroup;
			children = (
				F46C07FA1CB994AB00F82FA5 /* libopencv_flann.3.1.0.dylib */,
				F46C07F81CB9948F00F82FA5 /* libopencv_calib3d.3.1.0.dylib */,
				F46C07F61CB992F800F82FA5 /* libopencv_objdetect.3.1.0.dylib */,
				F4EEB3D71CB234DA00B1D142 /* libopencv_features2d.3.1.0.dylib */,
				F4EEB3D31CB1FE7200B1D142 /* libopencv_imgcodecs.3.1.0.dylib */,
				F4EEB3D11CB1CEA100B1D142 /* libopencv_videoio.3.1.0.dylib */,
				F44DC7A01CB1BE6500602809 /* libopencv_imgproc.3.1.0.dylib */,
				F44DC79E1CB1BE3500602809 /* libopencv_highgui.3.1.0.dylib */,
				F44DC79C1CB1BDE600602809 /* libopencv_core.3.1.0.dylib */,
				F44DC7901CB066C400602809 /* startracker */,
				F44DC78F1CB066C400602809 /* Products */,
			);
			sourceTree = "<group>";
		};
		F44DC78F1CB066C400602809 /* Products */ = {
			isa = PBXGroup;
			children = (
				F44DC78E1CB066C400602809 /* startracker */,
			);
			name = Products;
			sourceTree = "<group>";
		};
		F44DC7901CB066C400602809 /* startracker */ = {
			isa = PBXGroup;
			children = (
				F46C07FC1CBA235C00F82FA5 /* Config */,
				F44DC7991CB066E700602809 /* Lib */,
				F44DC7981CB066DE00602809 /* API */,
				F44DC7911CB066C400602809 /* main.cpp */,
				F46C07FD1CBA247600F82FA5 /* header.h */,
			);
			path = startracker;
			sourceTree = "<group>";
		};
		F44DC7981CB066DE00602809 /* API */ = {
			isa = PBXGroup;
			children = (
			);
			name = API;
			sourceTree = "<group>";
		};
		F44DC7991CB066E700602809 /* Lib */ = {
			isa = PBXGroup;
			children = (
				F492AFCD1CB328B60034E4B6 /* ExtractionMethods */,
				F4EEB3D91CB2B04B00B1D142 /* StarTriad.cpp */,
				F46C07FE1CBA250700F82FA5 /* StarVision.h */,
				F46C08001CBA259700F82FA5 /* StarVision.cpp */,
				F46C08051CBB1F5900F82FA5 /* CombinationsGenerator.cpp */,
				F46C08061CBB1F5900F82FA5 /* CombinationsGenerator.hpp */,
				F46C08081CBB628100F82FA5 /* ServiceProvider.cpp */,
				F46C08091CBB628100F82FA5 /* ServiceProvider.hpp */,
			);
			name = Lib;
			sourceTree = "<group>";
		};
		F46C07FC1CBA235C00F82FA5 /* Config */ = {
			isa = PBXGroup;
			children = (
				F46C08021CBA2D3F00F82FA5 /* Config.cpp */,
				F46C08031CBA2D3F00F82FA5 /* Config.hpp */,
			);
			name = Config;
			sourceTree = "<group>";
		};
		F492AFCD1CB328B60034E4B6 /* ExtractionMethods */ = {
			isa = PBXGroup;
			children = (
				F492AFCB1CB326C30034E4B6 /* ExtractionMethod.hpp */,
				F492AFCA1CB326C30034E4B6 /* ExtractionMethod.cpp */,
			);
			name = ExtractionMethods;
			sourceTree = "<group>";
		};
/* End PBXGroup section */

/* Begin PBXNativeTarget section */
		F44DC78D1CB066C400602809 /* startracker */ = {
			isa = PBXNativeTarget;
			buildConfigurationList = F44DC7951CB066C400602809 /* Build configuration list for PBXNativeTarget "startracker" */;
			buildPhases = (
				F44DC78A1CB066C400602809 /* Sources */,
				F44DC78B1CB066C400602809 /* Frameworks */,
				F44DC78C1CB066C400602809 /* CopyFiles */,
			);
			buildRules = (
			);
			dependencies = (
			);
			name = startracker;
			productName = startracker;
			productReference = F44DC78E1CB066C400602809 /* startracker */;
			productType = "com.apple.product-type.tool";
		};
/* End PBXNativeTarget section */

/* Begin PBXProject section */
		F44DC7861CB066C400602809 /* Project object */ = {
			isa = PBXProject;
			attributes = {
				LastUpgradeCheck = 0720;
				ORGANIZATIONNAME = "Carlos Granados";
				TargetAttributes = {
					F44DC78D1CB066C400602809 = {
						CreatedOnToolsVersion = 7.2.1;
					};
				};
			};
			buildConfigurationList = F44DC7891CB066C400602809 /* Build configuration list for PBXProject "startracker" */;
			compatibilityVersion = "Xcode 3.2";
			developmentRegion = English;
			hasScannedForEncodings = 0;
			knownRegions = (
				en,
			);
			mainGroup = F44DC7851CB066C400602809;
			productRefGroup = F44DC78F1CB066C400602809 /* Products */;
			projectDirPath = "";
			projectRoot = "";
			targets = (
				F44DC78D1CB066C400602809 /* startracker */,
			);
		};
/* End PBXProject section */

/* Begin PBXSourcesBuildPhase section */
		F44DC78A1CB066C400602809 /* Sources */ = {
			isa = PBXSourcesBuildPhase;
			buildActionMask = 2147483647;
			files = (
				F46C080A1CBB628100F82FA5 /* ServiceProvider.cpp in Sources */,
				F492AFCC1CB326C30034E4B6 /* ExtractionMethod.cpp in Sources */,
				F46C07FF1CBA250700F82FA5 /* StarVision.h in Sources */,
				F46C08071CBB1F5900F82FA5 /* CombinationsGenerator.cpp in Sources */,
				F4EEB3DB1CB2B04B00B1D142 /* StarTriad.cpp in Sources */,
				F46C08041CBA2D3F00F82FA5 /* Config.cpp in Sources */,
				F46C08011CBA259700F82FA5 /* StarVision.cpp in Sources */,
				F44DC7921CB066C400602809 /* main.cpp in Sources */,
			);
			runOnlyForDeploymentPostprocessing = 0;
		};
/* End PBXSourcesBuildPhase section */

/* Begin XCBuildConfiguration section */
		F44DC7931CB066C400602809 /* Debug */ = {
			isa = XCBuildConfiguration;
			buildSettings = {
				ALWAYS_SEARCH_USER_PATHS = NO;
				CLANG_CXX_LANGUAGE_STANDARD = "gnu++0x";
				CLANG_CXX_LIBRARY = "libc++";
				CLANG_ENABLE_MODULES = YES;
				CLANG_ENABLE_OBJC_ARC = YES;
				CLANG_WARN_BOOL_CONVERSION = YES;
				CLANG_WARN_CONSTANT_CONVERSION = YES;
				CLANG_WARN_DIRECT_OBJC_ISA_USAGE = YES_ERROR;
				CLANG_WARN_EMPTY_BODY = YES;
				CLANG_WARN_ENUM_CONVERSION = YES;
				CLANG_WARN_INT_CONVERSION = YES;
				CLANG_WARN_OBJC_ROOT_CLASS = YES_ERROR;
				CLANG_WARN_UNREACHABLE_CODE = YES;
				CLANG_WARN__DUPLICATE_METHOD_MATCH = YES;
				CODE_SIGN_IDENTITY = "-";
				COPY_PHASE_STRIP = NO;
				DEBUG_INFORMATION_FORMAT = dwarf;
				ENABLE_STRICT_OBJC_MSGSEND = YES;
				ENABLE_TESTABILITY = YES;
				GCC_C_LANGUAGE_STANDARD = gnu99;
				GCC_DYNAMIC_NO_PIC = NO;
				GCC_NO_COMMON_BLOCKS = YES;
				GCC_OPTIMIZATION_LEVEL = 0;
				GCC_PREPROCESSOR_DEFINITIONS = (
					"DEBUG=1",
					"$(inherited)",
				);
				GCC_WARN_64_TO_32_BIT_CONVERSION = YES;
				GCC_WARN_ABOUT_RETURN_TYPE = YES_ERROR;
				GCC_WARN_UNDECLARED_SELECTOR = YES;
				GCC_WARN_UNINITIALIZED_AUTOS = YES_AGGRESSIVE;
				GCC_WARN_UNUSED_FUNCTION = YES;
				GCC_WARN_UNUSED_VARIABLE = YES;
				MACOSX_DEPLOYMENT_TARGET = 10.11;
				MTL_ENABLE_DEBUG_INFO = YES;
				ONLY_ACTIVE_ARCH = YES;
				SDKROOT = macosx;
			};
			name = Debug;
		};
		F44DC7941CB066C400602809 /* Release */ = {
			isa = XCBuildConfiguration;
			buildSettings = {
				ALWAYS_SEARCH_USER_PATHS = NO;
				CLANG_CXX_LANGUAGE_STANDARD = "gnu++0x";
				CLANG_CXX_LIBRARY = "libc++";
				CLANG_ENABLE_MODULES = YES;
				CLANG_ENABLE_OBJC_ARC = YES;
				CLANG_WARN_BOOL_CONVERSION = YES;
				CLANG_WARN_CONSTANT_CONVERSION = YES;
				CLANG_WARN_DIRECT_OBJC_ISA_USAGE = YES_ERROR;
				CLANG_WARN_EMPTY_BODY = YES;
				CLANG_WARN_ENUM_CONVERSION = YES;
				CLANG_WARN_INT_CONVERSION = YES;
				CLANG_WARN_OBJC_ROOT_CLASS = YES_ERROR;
				CLANG_WARN_UNREACHABLE_CODE = YES;
				CLANG_WARN__DUPLICATE_METHOD_MATCH = YES;
				CODE_SIGN_IDENTITY = "-";
				COPY_PHASE_STRIP = NO;
				DEBUG_INFORMATION_FORMAT = "dwarf-with-dsym";
				ENABLE_NS_ASSERTIONS = NO;
				ENABLE_STRICT_OBJC_MSGSEND = YES;
				GCC_C_LANGUAGE_STANDARD = gnu99;
				GCC_NO_COMMON_BLOCKS = YES;
				GCC_WARN_64_TO_32_BIT_CONVERSION = YES;
				GCC_WARN_ABOUT_RETURN_TYPE = YES_ERROR;
				GCC_WARN_UNDECLARED_SELECTOR = YES;
				GCC_WARN_UNINITIALIZED_AUTOS = YES_AGGRESSIVE;
				GCC_WARN_UNUSED_FUNCTION = YES;
				GCC_WARN_UNUSED_VARIABLE = YES;
				MACOSX_DEPLOYMENT_TARGET = 10.11;
				MTL_ENABLE_DEBUG_INFO = NO;
				SDKROOT = macosx;
			};
			name = Release;
		};
		F44DC7961CB066C400602809 /* Debug */ = {
			isa = XCBuildConfiguration;
			buildSettings = {
				ALWAYS_SEARCH_USER_PATHS = YES;
				FRAMEWORK_SEARCH_PATHS = /usr/local/lib;
				HEADER_SEARCH_PATHS = /usr/local/include;
				LIBRARY_SEARCH_PATHS = "~/Code/Libraries/opencv31/build/lib";
				PRODUCT_NAME = "$(TARGET_NAME)";
				USE_HEADERMAP = YES;
			};
			name = Debug;
		};
		F44DC7971CB066C400602809 /* Release */ = {
			isa = XCBuildConfiguration;
			buildSettings = {
				ALWAYS_SEARCH_USER_PATHS = YES;
				FRAMEWORK_SEARCH_PATHS = /usr/local/lib;
				HEADER_SEARCH_PATHS = /usr/local/include;
				LIBRARY_SEARCH_PATHS = "~/Code/Libraries/opencv31/build/lib";
				PRODUCT_NAME = "$(TARGET_NAME)";
				USE_HEADERMAP = YES;
			};
			name = Release;
		};
/* End XCBuildConfiguration section */

/* Begin XCConfigurationList section */
		F44DC7891CB066C400602809 /* Build configuration list for PBXProject "startracker" */ = {
			isa = XCConfigurationList;
			buildConfigurations = (
				F44DC7931CB066C400602809 /* Debug */,
				F44DC7941CB066C400602809 /* Release */,
			);
			defaultConfigurationIsVisible = 0;
			defaultConfigurationName = Release;
		};
		F44DC7951CB066C400602809 /* Build configuration list for PBXNativeTarget "startracker" */ = {
			isa = XCConfigurationList;
			buildConfigurations = (
				F44DC7961CB066C400602809 /* Debug */,
				F44DC7971CB066C400602809 /* Release */,
			);
			defaultConfigurationIsVisible = 0;
			defaultConfigurationName = Release;
		};
/* End XCConfigurationList section */
	};
	rootObject = F44DC7861CB066C400602809 /* Project object */;
}
